
Microsoft Visual Studio Solution File, Format Version 12.00
# Visual Studio Version 17
VisualStudioVersion = 17.8.34511.84
MinimumVisualStudioVersion = 10.0.40219.1
Project("{FAE04EC0-301F-11D3-BF4B-00C04F79EFBC}") = "Core", "Core.csproj", "{7C58429D-1015-4662-A4DD-5025AD95EF3C}"
EndProject
Global
	GlobalSection(SolutionConfigurationPlatforms) = preSolution
		Debug|Any CPU = Debug|Any CPU
		Release|Any CPU = Release|Any CPU
	EndGlobalSection
	GlobalSection(ProjectConfigurationPlatforms) = postSolution
		{7C58429D-1015-4662-A4DD-5025AD95EF3C}.Debug|Any CPU.ActiveCfg = Debug|Any CPU
		{7C58429D-1015-4662-A4DD-5025AD95EF3C}.Debug|Any CPU.Build.0 = Debug|Any CPU
		{7C58429D-1015-4662-A4DD-5025AD95EF3C}.Release|Any CPU.ActiveCfg = Release|Any CPU
		{7C58429D-1015-4662-A4DD-5025AD95EF3C}.Release|Any CPU.Build.0 = Release|Any CPU
	EndGlobalSection
	GlobalSection(SolutionProperties) = preSolution
		HideSolutionNode = FALSE
	EndGlobalSection
	GlobalSection(ExtensibilityGlobals) = postSolution
		SolutionGuid = {D84C53D0-CECB-4F2C-A926-C2E2084B139D}
	EndGlobalSection
EndGlobal
