
Microsoft Visual Studio Solution File, Format Version 12.00
# Visual Studio Version 17
VisualStudioVersion = 17.12.35707.178
MinimumVisualStudioVersion = 10.0.40219.1
Project("{FAE04EC0-301F-11D3-BF4B-00C04F79EFBC}") = "Tester", "Tester.csproj", "{57B12816-7DF7-42F7-B64B-7C969DF0CE4E}"
EndProject
Global
	GlobalSection(SolutionConfigurationPlatforms) = preSolution
		Debug|Any CPU = Debug|Any CPU
		Release|Any CPU = Release|Any CPU
	EndGlobalSection
	GlobalSection(ProjectConfigurationPlatforms) = postSolution
		{57B12816-7DF7-42F7-B64B-7C969DF0CE4E}.Debug|Any CPU.ActiveCfg = Debug|Any CPU
		{57B12816-7DF7-42F7-B64B-7C969DF0CE4E}.Debug|Any CPU.Build.0 = Debug|Any CPU
		{57B12816-7DF7-42F7-B64B-7C969DF0CE4E}.Release|Any CPU.ActiveCfg = Release|Any CPU
		{57B12816-7DF7-42F7-B64B-7C969DF0CE4E}.Release|Any CPU.Build.0 = Release|Any CPU
	EndGlobalSection
	GlobalSection(SolutionProperties) = preSolution
		HideSolutionNode = FALSE
	EndGlobalSection
EndGlobal
