
Microsoft Visual Studio Solution File, Format Version 12.00
# Visual Studio Version 17
VisualStudioVersion = 17.8.34316.72
MinimumVisualStudioVersion = 10.0.40219.1
Project("{FAE04EC0-301F-11D3-BF4B-00C04F79EFBC}") = "WoT", "WoT.csproj", "{B6560709-AB2A-46A8-8999-659D779E3420}"
EndProject
Global
	GlobalSection(SolutionConfigurationPlatforms) = preSolution
		Debug|Any CPU = Debug|Any CPU
		Release|Any CPU = Release|Any CPU
	EndGlobalSection
	GlobalSection(ProjectConfigurationPlatforms) = postSolution
		{B6560709-AB2A-46A8-8999-659D779E3420}.Debug|Any CPU.ActiveCfg = Debug|Any CPU
		{B6560709-AB2A-46A8-8999-659D779E3420}.Debug|Any CPU.Build.0 = Debug|Any CPU
		{B6560709-AB2A-46A8-8999-659D779E3420}.Release|Any CPU.ActiveCfg = Release|Any CPU
		{B6560709-AB2A-46A8-8999-659D779E3420}.Release|Any CPU.Build.0 = Release|Any CPU
	EndGlobalSection
	GlobalSection(SolutionProperties) = preSolution
		HideSolutionNode = FALSE
	EndGlobalSection
	GlobalSection(ExtensibilityGlobals) = postSolution
		SolutionGuid = {BA1934F5-1059-4198-A805-AE11BD17C441}
	EndGlobalSection
EndGlobal
