
Microsoft Visual Studio Solution File, Format Version 12.00
# Visual Studio Version 17
VisualStudioVersion = 17.12.35707.178
MinimumVisualStudioVersion = 10.0.40219.1
Project("{FAE04EC0-301F-11D3-BF4B-00C04F79EFBC}") = "Core", "Core\Core.csproj", "{7D848794-BB05-449B-8B03-9B3017D58A69}"
EndProject
Project("{FAE04EC0-301F-11D3-BF4B-00C04F79EFBC}") = "Http", "Binding\Http\Http.csproj", "{B8828C1A-4304-4E77-9AA6-66564BE0B712}"
EndProject
Global
	GlobalSection(SolutionConfigurationPlatforms) = preSolution
		Debug|Any CPU = Debug|Any CPU
		Release|Any CPU = Release|Any CPU
	EndGlobalSection
	GlobalSection(ProjectConfigurationPlatforms) = postSolution
		{7D848794-BB05-449B-8B03-9B3017D58A69}.Debug|Any CPU.ActiveCfg = Debug|Any CPU
		{7D848794-BB05-449B-8B03-9B3017D58A69}.Debug|Any CPU.Build.0 = Debug|Any CPU
		{7D848794-BB05-449B-8B03-9B3017D58A69}.Release|Any CPU.ActiveCfg = Release|Any CPU
		{7D848794-BB05-449B-8B03-9B3017D58A69}.Release|Any CPU.Build.0 = Release|Any CPU
		{B8828C1A-4304-4E77-9AA6-66564BE0B712}.Debug|Any CPU.ActiveCfg = Debug|Any CPU
		{B8828C1A-4304-4E77-9AA6-66564BE0B712}.Debug|Any CPU.Build.0 = Debug|Any CPU
		{B8828C1A-4304-4E77-9AA6-66564BE0B712}.Release|Any CPU.ActiveCfg = Release|Any CPU
		{B8828C1A-4304-4E77-9AA6-66564BE0B712}.Release|Any CPU.Build.0 = Release|Any CPU
	EndGlobalSection
	GlobalSection(SolutionProperties) = preSolution
		HideSolutionNode = FALSE
	EndGlobalSection
EndGlobal
