
Microsoft Visual Studio Solution File, Format Version 12.00
# Visual Studio Version 16
VisualStudioVersion = 25.0.1706.8
MinimumVisualStudioVersion = 10.0.40219.1
Project("{FAE04EC0-301F-11D3-BF4B-00C04F79EFBC}") = "TDHelpers", "TDHelpers\TDHelpers.csproj", "{77263B10-596F-43B0-998E-AD90D8F90B06}"
EndProject
Global
	GlobalSection(SolutionConfigurationPlatforms) = preSolution
		Debug|Any CPU = Debug|Any CPU
		Release|Any CPU = Release|Any CPU
	EndGlobalSection
	GlobalSection(ProjectConfigurationPlatforms) = postSolution
		{77263B10-596F-43B0-998E-AD90D8F90B06}.Debug|Any CPU.ActiveCfg = Debug|Any CPU
		{77263B10-596F-43B0-998E-AD90D8F90B06}.Debug|Any CPU.Build.0 = Debug|Any CPU
		{77263B10-596F-43B0-998E-AD90D8F90B06}.Release|Any CPU.ActiveCfg = Release|Any CPU
		{77263B10-596F-43B0-998E-AD90D8F90B06}.Release|Any CPU.Build.0 = Release|Any CPU
	EndGlobalSection
	GlobalSection(SolutionProperties) = preSolution
		HideSolutionNode = FALSE
	EndGlobalSection
	GlobalSection(ExtensibilityGlobals) = postSolution
		SolutionGuid = {CA0048FF-A1DB-4FFC-8F86-4B5C905356A8}
	EndGlobalSection
EndGlobal
